
Microsoft Visual Studio Solution File, Format Version 12.00
# Visual Studio 15
VisualStudioVersion = 15.0.28307.421
MinimumVisualStudioVersion = 10.0.40219.1
Project("{FAE04EC0-301F-11D3-BF4B-00C04F79EFBC}") = "purse", "purse\purse.csproj", "{1C51350C-BAFF-4EB0-8C04-3D8A6D72F42B}"
EndProject
Project("{FAE04EC0-301F-11D3-BF4B-00C04F79EFBC}") = "CreditCard", "CreditCard\CreditCard.csproj", "{A4E23409-737B-4C5C-9616-0827A24B5496}"
EndProject
Global
	GlobalSection(SolutionConfigurationPlatforms) = preSolution
		Debug|Any CPU = Debug|Any CPU
		Release|Any CPU = Release|Any CPU
	EndGlobalSection
	GlobalSection(ProjectConfigurationPlatforms) = postSolution
		{1C51350C-BAFF-4EB0-8C04-3D8A6D72F42B}.Debug|Any CPU.ActiveCfg = Debug|Any CPU
		{1C51350C-BAFF-4EB0-8C04-3D8A6D72F42B}.Debug|Any CPU.Build.0 = Debug|Any CPU
		{1C51350C-BAFF-4EB0-8C04-3D8A6D72F42B}.Release|Any CPU.ActiveCfg = Release|Any CPU
		{1C51350C-BAFF-4EB0-8C04-3D8A6D72F42B}.Release|Any CPU.Build.0 = Release|Any CPU
		{A4E23409-737B-4C5C-9616-0827A24B5496}.Debug|Any CPU.ActiveCfg = Debug|Any CPU
		{A4E23409-737B-4C5C-9616-0827A24B5496}.Debug|Any CPU.Build.0 = Debug|Any CPU
		{A4E23409-737B-4C5C-9616-0827A24B5496}.Release|Any CPU.ActiveCfg = Release|Any CPU
		{A4E23409-737B-4C5C-9616-0827A24B5496}.Release|Any CPU.Build.0 = Release|Any CPU
	EndGlobalSection
	GlobalSection(SolutionProperties) = preSolution
		HideSolutionNode = FALSE
	EndGlobalSection
	GlobalSection(ExtensibilityGlobals) = postSolution
		SolutionGuid = {B40A3D61-E66D-4AFB-9574-B9534C03113B}
	EndGlobalSection
EndGlobal
